
Microsoft Visual Studio Solution File, Format Version 12.00
# Visual Studio Version 17
VisualStudioVersion = 17.8.34330.188
MinimumVisualStudioVersion = 10.0.40219.1
Project("{FAE04EC0-301F-11D3-BF4B-00C04F79EFBC}") = "task_2", "task_2.csproj", "{7368CA99-F3A6-4A34-ABCE-43514C220227}"
EndProject
Global
	GlobalSection(SolutionConfigurationPlatforms) = preSolution
		Debug|Any CPU = Debug|Any CPU
		Release|Any CPU = Release|Any CPU
	EndGlobalSection
	GlobalSection(ProjectConfigurationPlatforms) = postSolution
		{7368CA99-F3A6-4A34-ABCE-43514C220227}.Debug|Any CPU.ActiveCfg = Debug|Any CPU
		{7368CA99-F3A6-4A34-ABCE-43514C220227}.Debug|Any CPU.Build.0 = Debug|Any CPU
		{7368CA99-F3A6-4A34-ABCE-43514C220227}.Release|Any CPU.ActiveCfg = Release|Any CPU
		{7368CA99-F3A6-4A34-ABCE-43514C220227}.Release|Any CPU.Build.0 = Release|Any CPU
	EndGlobalSection
	GlobalSection(SolutionProperties) = preSolution
		HideSolutionNode = FALSE
	EndGlobalSection
	GlobalSection(ExtensibilityGlobals) = postSolution
		SolutionGuid = {DD3439AC-C02E-41FD-A7DA-CA70AAB21D01}
	EndGlobalSection
EndGlobal
